
Microsoft Visual Studio Solution File, Format Version 12.00
# Visual Studio Version 17
VisualStudioVersion = 17.3.32901.215
MinimumVisualStudioVersion = 10.0.40219.1
Project("{FAE04EC0-301F-11D3-BF4B-00C04F79EFBC}") = "Police", "Police\Police.csproj", "{36EFE4EB-DA28-4873-A4B4-092AEE591B0A}"
EndProject
Project("{2150E333-8FDC-42A3-9474-1A3956D46DE8}") = "Solution Items", "Solution Items", "{D384B2CB-BAF7-498E-991C-1CE86FD703EA}"
EndProject
Global
	GlobalSection(SolutionConfigurationPlatforms) = preSolution
		Debug|Any CPU = Debug|Any CPU
		Debug|ARM64 = Debug|ARM64
		Debug|x64 = Debug|x64
		Debug|x86 = Debug|x86
		Release|Any CPU = Release|Any CPU
		Release|ARM64 = Release|ARM64
		Release|x64 = Release|x64
		Release|x86 = Release|x86
	EndGlobalSection
	GlobalSection(ProjectConfigurationPlatforms) = postSolution
		{36EFE4EB-DA28-4873-A4B4-092AEE591B0A}.Debug|Any CPU.ActiveCfg = Debug|Any CPU
		{36EFE4EB-DA28-4873-A4B4-092AEE591B0A}.Debug|Any CPU.Build.0 = Debug|Any CPU
		{36EFE4EB-DA28-4873-A4B4-092AEE591B0A}.Debug|ARM64.ActiveCfg = Debug|ARM64
		{36EFE4EB-DA28-4873-A4B4-092AEE591B0A}.Debug|ARM64.Build.0 = Debug|ARM64
		{36EFE4EB-DA28-4873-A4B4-092AEE591B0A}.Debug|x64.ActiveCfg = Debug|x64
		{36EFE4EB-DA28-4873-A4B4-092AEE591B0A}.Debug|x64.Build.0 = Debug|x64
		{36EFE4EB-DA28-4873-A4B4-092AEE591B0A}.Debug|x86.ActiveCfg = Debug|x86
		{36EFE4EB-DA28-4873-A4B4-092AEE591B0A}.Debug|x86.Build.0 = Debug|x86
		{36EFE4EB-DA28-4873-A4B4-092AEE591B0A}.Release|Any CPU.ActiveCfg = Release|Any CPU
		{36EFE4EB-DA28-4873-A4B4-092AEE591B0A}.Release|Any CPU.Build.0 = Release|Any CPU
		{36EFE4EB-DA28-4873-A4B4-092AEE591B0A}.Release|ARM64.ActiveCfg = Release|ARM64
		{36EFE4EB-DA28-4873-A4B4-092AEE591B0A}.Release|ARM64.Build.0 = Release|ARM64
		{36EFE4EB-DA28-4873-A4B4-092AEE591B0A}.Release|x64.ActiveCfg = Release|x64
		{36EFE4EB-DA28-4873-A4B4-092AEE591B0A}.Release|x64.Build.0 = Release|x64
		{36EFE4EB-DA28-4873-A4B4-092AEE591B0A}.Release|x86.ActiveCfg = Release|x86
		{36EFE4EB-DA28-4873-A4B4-092AEE591B0A}.Release|x86.Build.0 = Release|x86
	EndGlobalSection
	GlobalSection(SolutionProperties) = preSolution
		HideSolutionNode = FALSE
	EndGlobalSection
	GlobalSection(ExtensibilityGlobals) = postSolution
		SolutionGuid = {A70B0954-FAC5-4169-AB85-FE30761C045B}
	EndGlobalSection
EndGlobal
